
Microsoft Visual Studio Solution File, Format Version 12.00
# Visual Studio Version 17
VisualStudioVersion = 17.1.32319.34
MinimumVisualStudioVersion = 10.0.40219.1
Project("{FAE04EC0-301F-11D3-BF4B-00C04F79EFBC}") = "UnitTesting", "UnitTesting\UnitTesting.csproj", "{4A97310C-71D8-4437-B355-60A3EDCADB4D}"
EndProject
Project("{FAE04EC0-301F-11D3-BF4B-00C04F79EFBC}") = "UnitTesting.Tests", "UnitTesting.Tests\UnitTesting.Tests.csproj", "{8F5CD976-215D-420F-B484-BE12EDB05302}"
EndProject
Global
	GlobalSection(SolutionConfigurationPlatforms) = preSolution
		Debug|Any CPU = Debug|Any CPU
		Release|Any CPU = Release|Any CPU
	EndGlobalSection
	GlobalSection(ProjectConfigurationPlatforms) = postSolution
		{4A97310C-71D8-4437-B355-60A3EDCADB4D}.Debug|Any CPU.ActiveCfg = Debug|Any CPU
		{4A97310C-71D8-4437-B355-60A3EDCADB4D}.Debug|Any CPU.Build.0 = Debug|Any CPU
		{4A97310C-71D8-4437-B355-60A3EDCADB4D}.Release|Any CPU.ActiveCfg = Release|Any CPU
		{4A97310C-71D8-4437-B355-60A3EDCADB4D}.Release|Any CPU.Build.0 = Release|Any CPU
		{8F5CD976-215D-420F-B484-BE12EDB05302}.Debug|Any CPU.ActiveCfg = Debug|Any CPU
		{8F5CD976-215D-420F-B484-BE12EDB05302}.Debug|Any CPU.Build.0 = Debug|Any CPU
		{8F5CD976-215D-420F-B484-BE12EDB05302}.Release|Any CPU.ActiveCfg = Release|Any CPU
		{8F5CD976-215D-420F-B484-BE12EDB05302}.Release|Any CPU.Build.0 = Release|Any CPU
	EndGlobalSection
	GlobalSection(SolutionProperties) = preSolution
		HideSolutionNode = FALSE
	EndGlobalSection
	GlobalSection(ExtensibilityGlobals) = postSolution
		SolutionGuid = {A9966069-C2F2-418A-975A-D970C1180170}
	EndGlobalSection
EndGlobal
